
Microsoft Visual Studio Solution File, Format Version 12.00
# Visual Studio Version 17
VisualStudioVersion = 17.0.32014.148
MinimumVisualStudioVersion = 10.0.40219.1
Project("{FAE04EC0-301F-11D3-BF4B-00C04F79EFBC}") = "ValuteMVVMPractice", "ValuteMVVMPractice\ValuteMVVMPractice.csproj", "{C5D5D8D6-B251-4F1D-A914-DD258868101D}"
EndProject
Project("{FAE04EC0-301F-11D3-BF4B-00C04F79EFBC}") = "ValuteTesting", "ValuteTesting\ValuteTesting.csproj", "{E002D4C8-1ED6-4425-80B6-5A04249F5610}"
EndProject
Global
	GlobalSection(SolutionConfigurationPlatforms) = preSolution
		Debug|Any CPU = Debug|Any CPU
		Release|Any CPU = Release|Any CPU
	EndGlobalSection
	GlobalSection(ProjectConfigurationPlatforms) = postSolution
		{C5D5D8D6-B251-4F1D-A914-DD258868101D}.Debug|Any CPU.ActiveCfg = Debug|Any CPU
		{C5D5D8D6-B251-4F1D-A914-DD258868101D}.Debug|Any CPU.Build.0 = Debug|Any CPU
		{C5D5D8D6-B251-4F1D-A914-DD258868101D}.Release|Any CPU.ActiveCfg = Release|Any CPU
		{C5D5D8D6-B251-4F1D-A914-DD258868101D}.Release|Any CPU.Build.0 = Release|Any CPU
		{E002D4C8-1ED6-4425-80B6-5A04249F5610}.Debug|Any CPU.ActiveCfg = Debug|Any CPU
		{E002D4C8-1ED6-4425-80B6-5A04249F5610}.Debug|Any CPU.Build.0 = Debug|Any CPU
		{E002D4C8-1ED6-4425-80B6-5A04249F5610}.Release|Any CPU.ActiveCfg = Release|Any CPU
		{E002D4C8-1ED6-4425-80B6-5A04249F5610}.Release|Any CPU.Build.0 = Release|Any CPU
	EndGlobalSection
	GlobalSection(SolutionProperties) = preSolution
		HideSolutionNode = FALSE
	EndGlobalSection
	GlobalSection(ExtensibilityGlobals) = postSolution
		SolutionGuid = {FB289D2C-4745-4E01-A8C3-105B2DDC22CE}
	EndGlobalSection
EndGlobal
